
Microsoft Visual Studio Solution File, Format Version 12.00
# Visual Studio Version 17
VisualStudioVersion = 17.4.33110.190
MinimumVisualStudioVersion = 10.0.40219.1
Project("{FAE04EC0-301F-11D3-BF4B-00C04F79EFBC}") = "validator", "validator\validator.csproj", "{5933AE9C-F6C3-485E-AC1E-D3FD100304B6}"
EndProject
Global
	GlobalSection(SolutionConfigurationPlatforms) = preSolution
		Debug|Any CPU = Debug|Any CPU
		Release|Any CPU = Release|Any CPU
	EndGlobalSection
	GlobalSection(ProjectConfigurationPlatforms) = postSolution
		{5933AE9C-F6C3-485E-AC1E-D3FD100304B6}.Debug|Any CPU.ActiveCfg = Debug|Any CPU
		{5933AE9C-F6C3-485E-AC1E-D3FD100304B6}.Debug|Any CPU.Build.0 = Debug|Any CPU
		{5933AE9C-F6C3-485E-AC1E-D3FD100304B6}.Release|Any CPU.ActiveCfg = Release|Any CPU
		{5933AE9C-F6C3-485E-AC1E-D3FD100304B6}.Release|Any CPU.Build.0 = Release|Any CPU
	EndGlobalSection
	GlobalSection(SolutionProperties) = preSolution
		HideSolutionNode = FALSE
	EndGlobalSection
	GlobalSection(ExtensibilityGlobals) = postSolution
		SolutionGuid = {A9D17F22-3D80-4B32-BCA4-FECF631F5998}
	EndGlobalSection
EndGlobal
