
Microsoft Visual Studio Solution File, Format Version 12.00
# Visual Studio Version 17
VisualStudioVersion = 17.4.33110.190
MinimumVisualStudioVersion = 10.0.40219.1
Project("{FAE04EC0-301F-11D3-BF4B-00C04F79EFBC}") = "ConsoleApp2", "ConsoleApp2\ConsoleApp2.csproj", "{7AA26CF8-890E-42E8-B6C7-ED185694A755}"
EndProject
Global
	GlobalSection(SolutionConfigurationPlatforms) = preSolution
		Debug|Any CPU = Debug|Any CPU
		Release|Any CPU = Release|Any CPU
	EndGlobalSection
	GlobalSection(ProjectConfigurationPlatforms) = postSolution
		{7AA26CF8-890E-42E8-B6C7-ED185694A755}.Debug|Any CPU.ActiveCfg = Debug|Any CPU
		{7AA26CF8-890E-42E8-B6C7-ED185694A755}.Debug|Any CPU.Build.0 = Debug|Any CPU
		{7AA26CF8-890E-42E8-B6C7-ED185694A755}.Release|Any CPU.ActiveCfg = Release|Any CPU
		{7AA26CF8-890E-42E8-B6C7-ED185694A755}.Release|Any CPU.Build.0 = Release|Any CPU
	EndGlobalSection
	GlobalSection(SolutionProperties) = preSolution
		HideSolutionNode = FALSE
	EndGlobalSection
	GlobalSection(ExtensibilityGlobals) = postSolution
		SolutionGuid = {3B3DD91F-3FA9-42FE-B112-3E6BCC782261}
	EndGlobalSection
EndGlobal
